
Microsoft Visual Studio Solution File, Format Version 12.00
# Visual Studio 2013
VisualStudioVersion = 12.0.31101.0
MinimumVisualStudioVersion = 10.0.40219.1
Project("{CC5FD16D-436D-48AD-A40C-5A424C6E3E79}") = "AzureCloudServiceDemo", "AzureCloudServiceDemo.ccproj", "{57EDBD7C-125D-466A-B5CA-F7BA3C68520F}"
EndProject
Project("{FAE04EC0-301F-11D3-BF4B-00C04F79EFBC}") = "MyWebRole", "MyWebRole\MyWebRole.csproj", "{56376072-4046-4AF3-85F8-A9F6C406E6B3}"
EndProject
Project("{FAE04EC0-301F-11D3-BF4B-00C04F79EFBC}") = "MyWCFServiceWebRole", "MyWCFServiceWebRole\MyWCFServiceWebRole.csproj", "{B79F208B-0001-48ED-9BA1-413177779CD8}"
EndProject
Project("{FAE04EC0-301F-11D3-BF4B-00C04F79EFBC}") = "MyWorkerRole", "MyWorkerRole\MyWorkerRole.csproj", "{B295B5D2-CDCF-445F-8BBC-36883E8F00C3}"
EndProject
Project("{FAE04EC0-301F-11D3-BF4B-00C04F79EFBC}") = "MyCacheWorkerRole", "MyCacheWorkerRole\MyCacheWorkerRole.csproj", "{D52FD074-9030-44BD-A548-4BD192BDC888}"
EndProject
Project("{FAE04EC0-301F-11D3-BF4B-00C04F79EFBC}") = "MyWorkerRoleWithSBQueue", "MyWorkerRoleWithSBQueue\MyWorkerRoleWithSBQueue.csproj", "{673CF176-A910-4245-872C-103BCD0A6398}"
EndProject
Global
	GlobalSection(SolutionConfigurationPlatforms) = preSolution
		Debug|Any CPU = Debug|Any CPU
		Release|Any CPU = Release|Any CPU
	EndGlobalSection
	GlobalSection(ProjectConfigurationPlatforms) = postSolution
		{57EDBD7C-125D-466A-B5CA-F7BA3C68520F}.Debug|Any CPU.ActiveCfg = Debug|Any CPU
		{57EDBD7C-125D-466A-B5CA-F7BA3C68520F}.Debug|Any CPU.Build.0 = Debug|Any CPU
		{57EDBD7C-125D-466A-B5CA-F7BA3C68520F}.Release|Any CPU.ActiveCfg = Release|Any CPU
		{57EDBD7C-125D-466A-B5CA-F7BA3C68520F}.Release|Any CPU.Build.0 = Release|Any CPU
		{56376072-4046-4AF3-85F8-A9F6C406E6B3}.Debug|Any CPU.ActiveCfg = Debug|Any CPU
		{56376072-4046-4AF3-85F8-A9F6C406E6B3}.Debug|Any CPU.Build.0 = Debug|Any CPU
		{56376072-4046-4AF3-85F8-A9F6C406E6B3}.Release|Any CPU.ActiveCfg = Release|Any CPU
		{56376072-4046-4AF3-85F8-A9F6C406E6B3}.Release|Any CPU.Build.0 = Release|Any CPU
		{B79F208B-0001-48ED-9BA1-413177779CD8}.Debug|Any CPU.ActiveCfg = Debug|Any CPU
		{B79F208B-0001-48ED-9BA1-413177779CD8}.Debug|Any CPU.Build.0 = Debug|Any CPU
		{B79F208B-0001-48ED-9BA1-413177779CD8}.Release|Any CPU.ActiveCfg = Release|Any CPU
		{B79F208B-0001-48ED-9BA1-413177779CD8}.Release|Any CPU.Build.0 = Release|Any CPU
		{B295B5D2-CDCF-445F-8BBC-36883E8F00C3}.Debug|Any CPU.ActiveCfg = Debug|Any CPU
		{B295B5D2-CDCF-445F-8BBC-36883E8F00C3}.Debug|Any CPU.Build.0 = Debug|Any CPU
		{B295B5D2-CDCF-445F-8BBC-36883E8F00C3}.Release|Any CPU.ActiveCfg = Release|Any CPU
		{B295B5D2-CDCF-445F-8BBC-36883E8F00C3}.Release|Any CPU.Build.0 = Release|Any CPU
		{D52FD074-9030-44BD-A548-4BD192BDC888}.Debug|Any CPU.ActiveCfg = Debug|Any CPU
		{D52FD074-9030-44BD-A548-4BD192BDC888}.Debug|Any CPU.Build.0 = Debug|Any CPU
		{D52FD074-9030-44BD-A548-4BD192BDC888}.Release|Any CPU.ActiveCfg = Release|Any CPU
		{D52FD074-9030-44BD-A548-4BD192BDC888}.Release|Any CPU.Build.0 = Release|Any CPU
		{673CF176-A910-4245-872C-103BCD0A6398}.Debug|Any CPU.ActiveCfg = Debug|Any CPU
		{673CF176-A910-4245-872C-103BCD0A6398}.Debug|Any CPU.Build.0 = Debug|Any CPU
		{673CF176-A910-4245-872C-103BCD0A6398}.Release|Any CPU.ActiveCfg = Release|Any CPU
		{673CF176-A910-4245-872C-103BCD0A6398}.Release|Any CPU.Build.0 = Release|Any CPU
	EndGlobalSection
	GlobalSection(SolutionProperties) = preSolution
		HideSolutionNode = FALSE
	EndGlobalSection
EndGlobal
