
Microsoft Visual Studio Solution File, Format Version 12.00
# Visual Studio 2013
VisualStudioVersion = 12.0.31101.0
MinimumVisualStudioVersion = 10.0.40219.1
Project("{CC5FD16D-436D-48AD-A40C-5A424C6E3E79}") = "AzureCloudServiceDemo", "AzureCloudServiceDemo.ccproj", "{57EDBD7C-125D-466A-B5CA-F7BA3C68520F}"
EndProject
Project("{FAE04EC0-301F-11D3-BF4B-00C04F79EFBC}") = "MyWebRole", "MyWebRole\MyWebRole.csproj", "{56376072-4046-4AF3-85F8-A9F6C406E6B3}"
	ProjectSection(ProjectDependencies) = postProject
		{D98E9308-BE8E-4E16-9AE8-F3F7E1FA665D} = {D98E9308-BE8E-4E16-9AE8-F3F7E1FA665D}
	EndProjectSection
EndProject
Project("{2150E333-8FDC-42A3-9474-1A3956D46DE8}") = "Tests", "Tests", "{F777F46C-DAD9-4A2A-A14D-008EB51221FE}"
EndProject
Project("{FAE04EC0-301F-11D3-BF4B-00C04F79EFBC}") = "MyWebRole.Tests", "..\MyWebRole.Tests\MyWebRole.Tests.csproj", "{D1D4053F-9F36-4B8F-BA55-9FA182481B4E}"
EndProject
Project("{2150E333-8FDC-42A3-9474-1A3956D46DE8}") = ".nuget", ".nuget", "{FAB7F274-9F66-4445-B27A-054F59102D2A}"
	ProjectSection(SolutionItems) = preProject
		.nuget\NuGet.Config = .nuget\NuGet.Config
		.nuget\NuGet.exe = .nuget\NuGet.exe
		.nuget\NuGet.targets = .nuget\NuGet.targets
	EndProjectSection
EndProject
Project("{FAE04EC0-301F-11D3-BF4B-00C04F79EFBC}") = "MyCacheRole", "MyCacheRole\MyCacheRole.csproj", "{2EFF2371-90E6-40B1-B4D7-F25F22FDC3BB}"
EndProject
Project("{FAE04EC0-301F-11D3-BF4B-00C04F79EFBC}") = "MyWCFService", "MyWCFService\MyWCFService.csproj", "{D98E9308-BE8E-4E16-9AE8-F3F7E1FA665D}"
EndProject
Project("{FAE04EC0-301F-11D3-BF4B-00C04F79EFBC}") = "WorkerRoleQueue", "WorkerRoleQueue\WorkerRoleQueue.csproj", "{B40F0369-C7CE-45B0-BD4B-762BC3B8980F}"
EndProject
Global
	GlobalSection(SolutionConfigurationPlatforms) = preSolution
		Debug|Any CPU = Debug|Any CPU
		Develop|Any CPU = Develop|Any CPU
		Production|Any CPU = Production|Any CPU
		Release|Any CPU = Release|Any CPU
	EndGlobalSection
	GlobalSection(ProjectConfigurationPlatforms) = postSolution
		{57EDBD7C-125D-466A-B5CA-F7BA3C68520F}.Debug|Any CPU.ActiveCfg = Debug|Any CPU
		{57EDBD7C-125D-466A-B5CA-F7BA3C68520F}.Debug|Any CPU.Build.0 = Debug|Any CPU
		{57EDBD7C-125D-466A-B5CA-F7BA3C68520F}.Develop|Any CPU.ActiveCfg = Develop|Any CPU
		{57EDBD7C-125D-466A-B5CA-F7BA3C68520F}.Develop|Any CPU.Build.0 = Develop|Any CPU
		{57EDBD7C-125D-466A-B5CA-F7BA3C68520F}.Production|Any CPU.ActiveCfg = Production|Any CPU
		{57EDBD7C-125D-466A-B5CA-F7BA3C68520F}.Production|Any CPU.Build.0 = Production|Any CPU
		{57EDBD7C-125D-466A-B5CA-F7BA3C68520F}.Release|Any CPU.ActiveCfg = Release|Any CPU
		{57EDBD7C-125D-466A-B5CA-F7BA3C68520F}.Release|Any CPU.Build.0 = Release|Any CPU
		{56376072-4046-4AF3-85F8-A9F6C406E6B3}.Debug|Any CPU.ActiveCfg = Debug|Any CPU
		{56376072-4046-4AF3-85F8-A9F6C406E6B3}.Debug|Any CPU.Build.0 = Debug|Any CPU
		{56376072-4046-4AF3-85F8-A9F6C406E6B3}.Develop|Any CPU.ActiveCfg = Develop|Any CPU
		{56376072-4046-4AF3-85F8-A9F6C406E6B3}.Develop|Any CPU.Build.0 = Develop|Any CPU
		{56376072-4046-4AF3-85F8-A9F6C406E6B3}.Production|Any CPU.ActiveCfg = Production|Any CPU
		{56376072-4046-4AF3-85F8-A9F6C406E6B3}.Production|Any CPU.Build.0 = Production|Any CPU
		{56376072-4046-4AF3-85F8-A9F6C406E6B3}.Release|Any CPU.ActiveCfg = Release|Any CPU
		{56376072-4046-4AF3-85F8-A9F6C406E6B3}.Release|Any CPU.Build.0 = Release|Any CPU
		{D1D4053F-9F36-4B8F-BA55-9FA182481B4E}.Debug|Any CPU.ActiveCfg = Debug|Any CPU
		{D1D4053F-9F36-4B8F-BA55-9FA182481B4E}.Debug|Any CPU.Build.0 = Debug|Any CPU
		{D1D4053F-9F36-4B8F-BA55-9FA182481B4E}.Develop|Any CPU.ActiveCfg = Develop|Any CPU
		{D1D4053F-9F36-4B8F-BA55-9FA182481B4E}.Develop|Any CPU.Build.0 = Develop|Any CPU
		{D1D4053F-9F36-4B8F-BA55-9FA182481B4E}.Production|Any CPU.ActiveCfg = Release|Any CPU
		{D1D4053F-9F36-4B8F-BA55-9FA182481B4E}.Production|Any CPU.Build.0 = Release|Any CPU
		{D1D4053F-9F36-4B8F-BA55-9FA182481B4E}.Release|Any CPU.ActiveCfg = Release|Any CPU
		{D1D4053F-9F36-4B8F-BA55-9FA182481B4E}.Release|Any CPU.Build.0 = Release|Any CPU
		{2EFF2371-90E6-40B1-B4D7-F25F22FDC3BB}.Debug|Any CPU.ActiveCfg = Debug|Any CPU
		{2EFF2371-90E6-40B1-B4D7-F25F22FDC3BB}.Debug|Any CPU.Build.0 = Debug|Any CPU
		{2EFF2371-90E6-40B1-B4D7-F25F22FDC3BB}.Develop|Any CPU.ActiveCfg = Debug|Any CPU
		{2EFF2371-90E6-40B1-B4D7-F25F22FDC3BB}.Production|Any CPU.ActiveCfg = Release|Any CPU
		{2EFF2371-90E6-40B1-B4D7-F25F22FDC3BB}.Production|Any CPU.Build.0 = Release|Any CPU
		{2EFF2371-90E6-40B1-B4D7-F25F22FDC3BB}.Release|Any CPU.ActiveCfg = Release|Any CPU
		{2EFF2371-90E6-40B1-B4D7-F25F22FDC3BB}.Release|Any CPU.Build.0 = Release|Any CPU
		{D98E9308-BE8E-4E16-9AE8-F3F7E1FA665D}.Debug|Any CPU.ActiveCfg = Debug|Any CPU
		{D98E9308-BE8E-4E16-9AE8-F3F7E1FA665D}.Debug|Any CPU.Build.0 = Debug|Any CPU
		{D98E9308-BE8E-4E16-9AE8-F3F7E1FA665D}.Develop|Any CPU.ActiveCfg = Debug|Any CPU
		{D98E9308-BE8E-4E16-9AE8-F3F7E1FA665D}.Develop|Any CPU.Build.0 = Debug|Any CPU
		{D98E9308-BE8E-4E16-9AE8-F3F7E1FA665D}.Production|Any CPU.ActiveCfg = Release|Any CPU
		{D98E9308-BE8E-4E16-9AE8-F3F7E1FA665D}.Production|Any CPU.Build.0 = Release|Any CPU
		{D98E9308-BE8E-4E16-9AE8-F3F7E1FA665D}.Release|Any CPU.ActiveCfg = Release|Any CPU
		{D98E9308-BE8E-4E16-9AE8-F3F7E1FA665D}.Release|Any CPU.Build.0 = Release|Any CPU
		{B40F0369-C7CE-45B0-BD4B-762BC3B8980F}.Debug|Any CPU.ActiveCfg = Debug|Any CPU
		{B40F0369-C7CE-45B0-BD4B-762BC3B8980F}.Debug|Any CPU.Build.0 = Debug|Any CPU
		{B40F0369-C7CE-45B0-BD4B-762BC3B8980F}.Develop|Any CPU.ActiveCfg = Debug|Any CPU
		{B40F0369-C7CE-45B0-BD4B-762BC3B8980F}.Develop|Any CPU.Build.0 = Debug|Any CPU
		{B40F0369-C7CE-45B0-BD4B-762BC3B8980F}.Production|Any CPU.ActiveCfg = Release|Any CPU
		{B40F0369-C7CE-45B0-BD4B-762BC3B8980F}.Production|Any CPU.Build.0 = Release|Any CPU
		{B40F0369-C7CE-45B0-BD4B-762BC3B8980F}.Release|Any CPU.ActiveCfg = Release|Any CPU
		{B40F0369-C7CE-45B0-BD4B-762BC3B8980F}.Release|Any CPU.Build.0 = Release|Any CPU
	EndGlobalSection
	GlobalSection(SolutionProperties) = preSolution
		HideSolutionNode = FALSE
	EndGlobalSection
	GlobalSection(NestedProjects) = preSolution
		{D1D4053F-9F36-4B8F-BA55-9FA182481B4E} = {F777F46C-DAD9-4A2A-A14D-008EB51221FE}
	EndGlobalSection
EndGlobal
